
Microsoft Visual Studio Solution File, Format Version 12.00
# Visual Studio Version 16
VisualStudioVersion = 16.0.30011.22
MinimumVisualStudioVersion = 10.0.40219.1
Project("{8BC9CEB8-8B4A-11D0-8D11-00A0C91BC942}") = "NotepadX", "NotepadX\NotepadX.vcxproj", "{FE579C3E-DDD6-467A-836B-B76A11C462AF}"
EndProject
Project("{8BC9CEB8-8B4A-11D0-8D11-00A0C91BC942}") = "PaintX", "PaintX\PaintX.vcxproj", "{663817A7-E997-479D-9F15-631796F0B73C}"
EndProject
Project("{2150E333-8FDC-42A3-9474-1A3956D46DE8}") = "ApplicationX", "ApplicationX", "{C16FFAF4-71B0-415D-9E11-97948FB3FD71}"
EndProject
Project("{8BC9CEB8-8B4A-11D0-8D11-00A0C91BC942}") = "DigitalClockX", "DigitalClockX\DigitalClockX.vcxproj", "{3D0E3B03-07BB-4DA5-AD86-593573639910}"
EndProject
Project("{8BC9CEB8-8B4A-11D0-8D11-00A0C91BC942}") = "VideoPlayerX", "VideoPlayerX\VideoPlayerX.vcxproj", "{66CF7282-DF95-4590-80FD-BD144B7DE40A}"
EndProject
Project("{8BC9CEB8-8B4A-11D0-8D11-00A0C91BC942}") = "CameraX", "CameraX\CameraX.vcxproj", "{B0411CDE-7CC3-402A-A285-CFD627F1A89D}"
EndProject
Project("{8BC9CEB8-8B4A-11D0-8D11-00A0C91BC942}") = "PictureProcessX", "PictureProcessX\PictureProcessX.vcxproj", "{88C4F225-1338-43D4-8938-04AA515E9179}"
EndProject
Project("{8BC9CEB8-8B4A-11D0-8D11-00A0C91BC942}") = "MultiMediaSystem", "MultiMediaSystem\MultiMediaSystem.vcxproj", "{6D8D79C2-EB75-4B9B-BD62-ABAC640A73E8}"
EndProject
Project("{8BC9CEB8-8B4A-11D0-8D11-00A0C91BC942}") = "AuthorInformation", "AuthorInformation\AuthorInformation.vcxproj", "{EC7DA3D0-49CC-4E6C-95A8-15C05DD76B0F}"
EndProject
Global
	GlobalSection(SolutionConfigurationPlatforms) = preSolution
		Debug|x64 = Debug|x64
		Debug|x86 = Debug|x86
		Release|x64 = Release|x64
		Release|x86 = Release|x86
	EndGlobalSection
	GlobalSection(ProjectConfigurationPlatforms) = postSolution
		{FE579C3E-DDD6-467A-836B-B76A11C462AF}.Debug|x64.ActiveCfg = Debug|x64
		{FE579C3E-DDD6-467A-836B-B76A11C462AF}.Debug|x64.Build.0 = Debug|x64
		{FE579C3E-DDD6-467A-836B-B76A11C462AF}.Debug|x86.ActiveCfg = Debug|x64
		{FE579C3E-DDD6-467A-836B-B76A11C462AF}.Release|x64.ActiveCfg = Release|x64
		{FE579C3E-DDD6-467A-836B-B76A11C462AF}.Release|x64.Build.0 = Release|x64
		{FE579C3E-DDD6-467A-836B-B76A11C462AF}.Release|x86.ActiveCfg = Release|x64
		{663817A7-E997-479D-9F15-631796F0B73C}.Debug|x64.ActiveCfg = Debug|x64
		{663817A7-E997-479D-9F15-631796F0B73C}.Debug|x64.Build.0 = Debug|x64
		{663817A7-E997-479D-9F15-631796F0B73C}.Debug|x86.ActiveCfg = Debug|x64
		{663817A7-E997-479D-9F15-631796F0B73C}.Release|x64.ActiveCfg = Release|x64
		{663817A7-E997-479D-9F15-631796F0B73C}.Release|x64.Build.0 = Release|x64
		{663817A7-E997-479D-9F15-631796F0B73C}.Release|x86.ActiveCfg = Release|x64
		{3D0E3B03-07BB-4DA5-AD86-593573639910}.Debug|x64.ActiveCfg = Debug|x64
		{3D0E3B03-07BB-4DA5-AD86-593573639910}.Debug|x64.Build.0 = Debug|x64
		{3D0E3B03-07BB-4DA5-AD86-593573639910}.Debug|x86.ActiveCfg = Debug|x64
		{3D0E3B03-07BB-4DA5-AD86-593573639910}.Release|x64.ActiveCfg = Release|x64
		{3D0E3B03-07BB-4DA5-AD86-593573639910}.Release|x64.Build.0 = Release|x64
		{3D0E3B03-07BB-4DA5-AD86-593573639910}.Release|x86.ActiveCfg = Release|x64
		{66CF7282-DF95-4590-80FD-BD144B7DE40A}.Debug|x64.ActiveCfg = Debug|x64
		{66CF7282-DF95-4590-80FD-BD144B7DE40A}.Debug|x64.Build.0 = Debug|x64
		{66CF7282-DF95-4590-80FD-BD144B7DE40A}.Debug|x86.ActiveCfg = Debug|x64
		{66CF7282-DF95-4590-80FD-BD144B7DE40A}.Release|x64.ActiveCfg = Release|x64
		{66CF7282-DF95-4590-80FD-BD144B7DE40A}.Release|x64.Build.0 = Release|x64
		{66CF7282-DF95-4590-80FD-BD144B7DE40A}.Release|x86.ActiveCfg = Release|x64
		{B0411CDE-7CC3-402A-A285-CFD627F1A89D}.Debug|x64.ActiveCfg = Debug|x64
		{B0411CDE-7CC3-402A-A285-CFD627F1A89D}.Debug|x64.Build.0 = Debug|x64
		{B0411CDE-7CC3-402A-A285-CFD627F1A89D}.Debug|x86.ActiveCfg = Debug|x64
		{B0411CDE-7CC3-402A-A285-CFD627F1A89D}.Release|x64.ActiveCfg = Release|x64
		{B0411CDE-7CC3-402A-A285-CFD627F1A89D}.Release|x64.Build.0 = Release|x64
		{B0411CDE-7CC3-402A-A285-CFD627F1A89D}.Release|x86.ActiveCfg = Release|x64
		{88C4F225-1338-43D4-8938-04AA515E9179}.Debug|x64.ActiveCfg = Debug|x64
		{88C4F225-1338-43D4-8938-04AA515E9179}.Debug|x64.Build.0 = Debug|x64
		{88C4F225-1338-43D4-8938-04AA515E9179}.Debug|x86.ActiveCfg = Debug|x64
		{88C4F225-1338-43D4-8938-04AA515E9179}.Release|x64.ActiveCfg = Release|x64
		{88C4F225-1338-43D4-8938-04AA515E9179}.Release|x64.Build.0 = Release|x64
		{88C4F225-1338-43D4-8938-04AA515E9179}.Release|x86.ActiveCfg = Release|x64
		{6D8D79C2-EB75-4B9B-BD62-ABAC640A73E8}.Debug|x64.ActiveCfg = Debug|x64
		{6D8D79C2-EB75-4B9B-BD62-ABAC640A73E8}.Debug|x64.Build.0 = Debug|x64
		{6D8D79C2-EB75-4B9B-BD62-ABAC640A73E8}.Debug|x86.ActiveCfg = Debug|x64
		{6D8D79C2-EB75-4B9B-BD62-ABAC640A73E8}.Release|x64.ActiveCfg = Release|x64
		{6D8D79C2-EB75-4B9B-BD62-ABAC640A73E8}.Release|x64.Build.0 = Release|x64
		{6D8D79C2-EB75-4B9B-BD62-ABAC640A73E8}.Release|x86.ActiveCfg = Release|x64
		{EC7DA3D0-49CC-4E6C-95A8-15C05DD76B0F}.Debug|x64.ActiveCfg = Debug|x64
		{EC7DA3D0-49CC-4E6C-95A8-15C05DD76B0F}.Debug|x64.Build.0 = Debug|x64
		{EC7DA3D0-49CC-4E6C-95A8-15C05DD76B0F}.Debug|x86.ActiveCfg = Debug|x64
		{EC7DA3D0-49CC-4E6C-95A8-15C05DD76B0F}.Release|x64.ActiveCfg = Release|x64
		{EC7DA3D0-49CC-4E6C-95A8-15C05DD76B0F}.Release|x64.Build.0 = Release|x64
		{EC7DA3D0-49CC-4E6C-95A8-15C05DD76B0F}.Release|x86.ActiveCfg = Release|x64
	EndGlobalSection
	GlobalSection(SolutionProperties) = preSolution
		HideSolutionNode = FALSE
	EndGlobalSection
	GlobalSection(NestedProjects) = preSolution
		{FE579C3E-DDD6-467A-836B-B76A11C462AF} = {C16FFAF4-71B0-415D-9E11-97948FB3FD71}
		{663817A7-E997-479D-9F15-631796F0B73C} = {C16FFAF4-71B0-415D-9E11-97948FB3FD71}
		{3D0E3B03-07BB-4DA5-AD86-593573639910} = {C16FFAF4-71B0-415D-9E11-97948FB3FD71}
		{66CF7282-DF95-4590-80FD-BD144B7DE40A} = {C16FFAF4-71B0-415D-9E11-97948FB3FD71}
		{B0411CDE-7CC3-402A-A285-CFD627F1A89D} = {C16FFAF4-71B0-415D-9E11-97948FB3FD71}
		{88C4F225-1338-43D4-8938-04AA515E9179} = {C16FFAF4-71B0-415D-9E11-97948FB3FD71}
	EndGlobalSection
	GlobalSection(ExtensibilityGlobals) = postSolution
		SolutionGuid = {D8854F45-F1A4-412C-802E-0ACB32E6344D}
	EndGlobalSection
EndGlobal
