
Microsoft Visual Studio Solution File, Format Version 12.00
# Visual Studio Version 16
VisualStudioVersion = 16.0.30011.22
MinimumVisualStudioVersion = 10.0.40219.1
Project("{8BC9CEB8-8B4A-11D0-8D11-00A0C91BC942}") = "OpenGL安装", "OpenGL安装\OpenGL安装.vcxproj", "{0F13C48D-989B-4F62-9222-0A5FFCA98D97}"
EndProject
Project("{8BC9CEB8-8B4A-11D0-8D11-00A0C91BC942}") = "HelloOpenGL", "HelloOpenGL\HelloOpenGL.vcxproj", "{C714D539-8C6B-4A51-B70F-E831EF6BD793}"
EndProject
Project("{8BC9CEB8-8B4A-11D0-8D11-00A0C91BC942}") = "综合实例", "综合实例\综合实例.vcxproj", "{6A5F273F-E4A1-4274-A824-6C61C3A26C1D}"
EndProject
Project("{8BC9CEB8-8B4A-11D0-8D11-00A0C91BC942}") = "Excer2_drawing", "Excer2_drawing\Excer2_drawing.vcxproj", "{B962EF0B-F303-4099-B132-6AAB685CC9D8}"
EndProject
Project("{8BC9CEB8-8B4A-11D0-8D11-00A0C91BC942}") = "Excer2_ polygon", "Excer2_ polygon\Excer2_ polygon.vcxproj", "{890270D4-7977-4C81-A61B-34D254063280}"
EndProject
Project("{2150E333-8FDC-42A3-9474-1A3956D46DE8}") = "Excer1", "Excer1", "{55CB0EA3-E2C6-4D15-9126-ABEAFEB27276}"
EndProject
Project("{2150E333-8FDC-42A3-9474-1A3956D46DE8}") = "Excer2", "Excer2", "{5168C004-844B-467E-ABE9-1FA2DF420591}"
EndProject
Project("{8BC9CEB8-8B4A-11D0-8D11-00A0C91BC942}") = "Excer2_cube", "Excer2_cube\Excer2_cube.vcxproj", "{E2301FF2-6D7A-4CDE-89A2-5A54BEE1E5EB}"
EndProject
Project("{8BC9CEB8-8B4A-11D0-8D11-00A0C91BC942}") = "Excer2_ solar", "Excer2_ solar\Excer2_ solar.vcxproj", "{C6FE0C5C-32B2-4D36-A812-B893F6F09A4B}"
EndProject
Project("{2150E333-8FDC-42A3-9474-1A3956D46DE8}") = "Excer3", "Excer3", "{77D3A57B-F643-470C-9B6A-AB3E2A6F0290}"
EndProject
Project("{8BC9CEB8-8B4A-11D0-8D11-00A0C91BC942}") = "lightning", "lightning\lightning.vcxproj", "{A12C92CC-BFC2-432E-8E1A-76F9B4C6C96A}"
EndProject
Project("{8BC9CEB8-8B4A-11D0-8D11-00A0C91BC942}") = "movingLightning", "movingLightning\movingLightning.vcxproj", "{41392FBC-3F22-453E-BF7D-F3C7763CD391}"
EndProject
Project("{8BC9CEB8-8B4A-11D0-8D11-00A0C91BC942}") = "范例3.6-12球", "范例3.6-12球\范例3.6-12球.vcxproj", "{E14982A4-EFF8-44AD-AF18-1F4AC56BE2DA}"
EndProject
Project("{8BC9CEB8-8B4A-11D0-8D11-00A0C91BC942}") = "triangle", "triangle\triangle.vcxproj", "{F212F4B2-3DE1-40BD-BD16-6E476B4C667E}"
EndProject
Project("{8BC9CEB8-8B4A-11D0-8D11-00A0C91BC942}") = "triangle2", "triangle2\triangle2.vcxproj", "{3EA3E830-9D72-4840-AECB-0295528B9C40}"
EndProject
Project("{8BC9CEB8-8B4A-11D0-8D11-00A0C91BC942}") = "some balls", "some balls\some balls.vcxproj", "{BD15C594-879B-4750-A852-ACBA9F3EB478}"
EndProject
Project("{8BC9CEB8-8B4A-11D0-8D11-00A0C91BC942}") = "TextureProj", "TextureProj\TextureProj.vcxproj", "{2E0DCFC9-DFC7-4918-A95E-EED93F33E402}"
EndProject
Project("{2150E333-8FDC-42A3-9474-1A3956D46DE8}") = "Excer4", "Excer4", "{1BA885BE-0C84-47D9-89D2-4D178C320241}"
EndProject
Project("{2150E333-8FDC-42A3-9474-1A3956D46DE8}") = "Excer5", "Excer5", "{EC0DEAEA-964D-4A62-B496-E0EBA0162B69}"
EndProject
Project("{8BC9CEB8-8B4A-11D0-8D11-00A0C91BC942}") = "mouse", "mouse\mouse.vcxproj", "{50DE9DFF-E90A-4D13-872B-82F9EF42EC1B}"
EndProject
Project("{8BC9CEB8-8B4A-11D0-8D11-00A0C91BC942}") = "double", "double\double.vcxproj", "{0285573A-6D18-4824-BEAF-38508B402E55}"
EndProject
Project("{8BC9CEB8-8B4A-11D0-8D11-00A0C91BC942}") = "Bounce", "Bounce\Bounce.vcxproj", "{09F6D136-0162-4238-AB83-0A3DA90EA9D6}"
EndProject
Project("{8BC9CEB8-8B4A-11D0-8D11-00A0C91BC942}") = "ElevatorAction", "ElevatorAction\ElevatorAction.vcxproj", "{9C9B8FD8-5399-4E0F-BFD7-66786BD7BC46}"
EndProject
Project("{8BC9CEB8-8B4A-11D0-8D11-00A0C91BC942}") = "ElevatorSystemSimulation", "ElevatorSystemSimulation\ElevatorSystemSimulation.vcxproj", "{5F1FA05D-D8C3-4416-8165-9B00427F1EE0}"
EndProject
Global
	GlobalSection(SolutionConfigurationPlatforms) = preSolution
		Debug|x64 = Debug|x64
		Debug|x86 = Debug|x86
		Release|x64 = Release|x64
		Release|x86 = Release|x86
	EndGlobalSection
	GlobalSection(ProjectConfigurationPlatforms) = postSolution
		{0F13C48D-989B-4F62-9222-0A5FFCA98D97}.Debug|x64.ActiveCfg = Debug|x64
		{0F13C48D-989B-4F62-9222-0A5FFCA98D97}.Debug|x64.Build.0 = Debug|x64
		{0F13C48D-989B-4F62-9222-0A5FFCA98D97}.Debug|x86.ActiveCfg = Debug|Win32
		{0F13C48D-989B-4F62-9222-0A5FFCA98D97}.Debug|x86.Build.0 = Debug|Win32
		{0F13C48D-989B-4F62-9222-0A5FFCA98D97}.Release|x64.ActiveCfg = Release|x64
		{0F13C48D-989B-4F62-9222-0A5FFCA98D97}.Release|x64.Build.0 = Release|x64
		{0F13C48D-989B-4F62-9222-0A5FFCA98D97}.Release|x86.ActiveCfg = Release|Win32
		{0F13C48D-989B-4F62-9222-0A5FFCA98D97}.Release|x86.Build.0 = Release|Win32
		{C714D539-8C6B-4A51-B70F-E831EF6BD793}.Debug|x64.ActiveCfg = Debug|x64
		{C714D539-8C6B-4A51-B70F-E831EF6BD793}.Debug|x64.Build.0 = Debug|x64
		{C714D539-8C6B-4A51-B70F-E831EF6BD793}.Debug|x86.ActiveCfg = Debug|Win32
		{C714D539-8C6B-4A51-B70F-E831EF6BD793}.Debug|x86.Build.0 = Debug|Win32
		{C714D539-8C6B-4A51-B70F-E831EF6BD793}.Release|x64.ActiveCfg = Release|x64
		{C714D539-8C6B-4A51-B70F-E831EF6BD793}.Release|x64.Build.0 = Release|x64
		{C714D539-8C6B-4A51-B70F-E831EF6BD793}.Release|x86.ActiveCfg = Release|Win32
		{C714D539-8C6B-4A51-B70F-E831EF6BD793}.Release|x86.Build.0 = Release|Win32
		{6A5F273F-E4A1-4274-A824-6C61C3A26C1D}.Debug|x64.ActiveCfg = Debug|x64
		{6A5F273F-E4A1-4274-A824-6C61C3A26C1D}.Debug|x64.Build.0 = Debug|x64
		{6A5F273F-E4A1-4274-A824-6C61C3A26C1D}.Debug|x86.ActiveCfg = Debug|Win32
		{6A5F273F-E4A1-4274-A824-6C61C3A26C1D}.Debug|x86.Build.0 = Debug|Win32
		{6A5F273F-E4A1-4274-A824-6C61C3A26C1D}.Release|x64.ActiveCfg = Release|x64
		{6A5F273F-E4A1-4274-A824-6C61C3A26C1D}.Release|x64.Build.0 = Release|x64
		{6A5F273F-E4A1-4274-A824-6C61C3A26C1D}.Release|x86.ActiveCfg = Release|Win32
		{6A5F273F-E4A1-4274-A824-6C61C3A26C1D}.Release|x86.Build.0 = Release|Win32
		{B962EF0B-F303-4099-B132-6AAB685CC9D8}.Debug|x64.ActiveCfg = Debug|x64
		{B962EF0B-F303-4099-B132-6AAB685CC9D8}.Debug|x64.Build.0 = Debug|x64
		{B962EF0B-F303-4099-B132-6AAB685CC9D8}.Debug|x86.ActiveCfg = Debug|Win32
		{B962EF0B-F303-4099-B132-6AAB685CC9D8}.Debug|x86.Build.0 = Debug|Win32
		{B962EF0B-F303-4099-B132-6AAB685CC9D8}.Release|x64.ActiveCfg = Release|x64
		{B962EF0B-F303-4099-B132-6AAB685CC9D8}.Release|x64.Build.0 = Release|x64
		{B962EF0B-F303-4099-B132-6AAB685CC9D8}.Release|x86.ActiveCfg = Release|Win32
		{B962EF0B-F303-4099-B132-6AAB685CC9D8}.Release|x86.Build.0 = Release|Win32
		{890270D4-7977-4C81-A61B-34D254063280}.Debug|x64.ActiveCfg = Debug|x64
		{890270D4-7977-4C81-A61B-34D254063280}.Debug|x64.Build.0 = Debug|x64
		{890270D4-7977-4C81-A61B-34D254063280}.Debug|x86.ActiveCfg = Debug|Win32
		{890270D4-7977-4C81-A61B-34D254063280}.Debug|x86.Build.0 = Debug|Win32
		{890270D4-7977-4C81-A61B-34D254063280}.Release|x64.ActiveCfg = Release|x64
		{890270D4-7977-4C81-A61B-34D254063280}.Release|x64.Build.0 = Release|x64
		{890270D4-7977-4C81-A61B-34D254063280}.Release|x86.ActiveCfg = Release|Win32
		{890270D4-7977-4C81-A61B-34D254063280}.Release|x86.Build.0 = Release|Win32
		{E2301FF2-6D7A-4CDE-89A2-5A54BEE1E5EB}.Debug|x64.ActiveCfg = Debug|x64
		{E2301FF2-6D7A-4CDE-89A2-5A54BEE1E5EB}.Debug|x64.Build.0 = Debug|x64
		{E2301FF2-6D7A-4CDE-89A2-5A54BEE1E5EB}.Debug|x86.ActiveCfg = Debug|Win32
		{E2301FF2-6D7A-4CDE-89A2-5A54BEE1E5EB}.Debug|x86.Build.0 = Debug|Win32
		{E2301FF2-6D7A-4CDE-89A2-5A54BEE1E5EB}.Release|x64.ActiveCfg = Release|x64
		{E2301FF2-6D7A-4CDE-89A2-5A54BEE1E5EB}.Release|x64.Build.0 = Release|x64
		{E2301FF2-6D7A-4CDE-89A2-5A54BEE1E5EB}.Release|x86.ActiveCfg = Release|Win32
		{E2301FF2-6D7A-4CDE-89A2-5A54BEE1E5EB}.Release|x86.Build.0 = Release|Win32
		{C6FE0C5C-32B2-4D36-A812-B893F6F09A4B}.Debug|x64.ActiveCfg = Debug|x64
		{C6FE0C5C-32B2-4D36-A812-B893F6F09A4B}.Debug|x64.Build.0 = Debug|x64
		{C6FE0C5C-32B2-4D36-A812-B893F6F09A4B}.Debug|x86.ActiveCfg = Debug|Win32
		{C6FE0C5C-32B2-4D36-A812-B893F6F09A4B}.Debug|x86.Build.0 = Debug|Win32
		{C6FE0C5C-32B2-4D36-A812-B893F6F09A4B}.Release|x64.ActiveCfg = Release|x64
		{C6FE0C5C-32B2-4D36-A812-B893F6F09A4B}.Release|x64.Build.0 = Release|x64
		{C6FE0C5C-32B2-4D36-A812-B893F6F09A4B}.Release|x86.ActiveCfg = Release|Win32
		{C6FE0C5C-32B2-4D36-A812-B893F6F09A4B}.Release|x86.Build.0 = Release|Win32
		{A12C92CC-BFC2-432E-8E1A-76F9B4C6C96A}.Debug|x64.ActiveCfg = Debug|x64
		{A12C92CC-BFC2-432E-8E1A-76F9B4C6C96A}.Debug|x64.Build.0 = Debug|x64
		{A12C92CC-BFC2-432E-8E1A-76F9B4C6C96A}.Debug|x86.ActiveCfg = Debug|Win32
		{A12C92CC-BFC2-432E-8E1A-76F9B4C6C96A}.Debug|x86.Build.0 = Debug|Win32
		{A12C92CC-BFC2-432E-8E1A-76F9B4C6C96A}.Release|x64.ActiveCfg = Release|x64
		{A12C92CC-BFC2-432E-8E1A-76F9B4C6C96A}.Release|x64.Build.0 = Release|x64
		{A12C92CC-BFC2-432E-8E1A-76F9B4C6C96A}.Release|x86.ActiveCfg = Release|Win32
		{A12C92CC-BFC2-432E-8E1A-76F9B4C6C96A}.Release|x86.Build.0 = Release|Win32
		{41392FBC-3F22-453E-BF7D-F3C7763CD391}.Debug|x64.ActiveCfg = Debug|x64
		{41392FBC-3F22-453E-BF7D-F3C7763CD391}.Debug|x64.Build.0 = Debug|x64
		{41392FBC-3F22-453E-BF7D-F3C7763CD391}.Debug|x86.ActiveCfg = Debug|Win32
		{41392FBC-3F22-453E-BF7D-F3C7763CD391}.Debug|x86.Build.0 = Debug|Win32
		{41392FBC-3F22-453E-BF7D-F3C7763CD391}.Release|x64.ActiveCfg = Release|x64
		{41392FBC-3F22-453E-BF7D-F3C7763CD391}.Release|x64.Build.0 = Release|x64
		{41392FBC-3F22-453E-BF7D-F3C7763CD391}.Release|x86.ActiveCfg = Release|Win32
		{41392FBC-3F22-453E-BF7D-F3C7763CD391}.Release|x86.Build.0 = Release|Win32
		{E14982A4-EFF8-44AD-AF18-1F4AC56BE2DA}.Debug|x64.ActiveCfg = Debug|x64
		{E14982A4-EFF8-44AD-AF18-1F4AC56BE2DA}.Debug|x64.Build.0 = Debug|x64
		{E14982A4-EFF8-44AD-AF18-1F4AC56BE2DA}.Debug|x86.ActiveCfg = Debug|Win32
		{E14982A4-EFF8-44AD-AF18-1F4AC56BE2DA}.Debug|x86.Build.0 = Debug|Win32
		{E14982A4-EFF8-44AD-AF18-1F4AC56BE2DA}.Release|x64.ActiveCfg = Release|x64
		{E14982A4-EFF8-44AD-AF18-1F4AC56BE2DA}.Release|x64.Build.0 = Release|x64
		{E14982A4-EFF8-44AD-AF18-1F4AC56BE2DA}.Release|x86.ActiveCfg = Release|Win32
		{E14982A4-EFF8-44AD-AF18-1F4AC56BE2DA}.Release|x86.Build.0 = Release|Win32
		{F212F4B2-3DE1-40BD-BD16-6E476B4C667E}.Debug|x64.ActiveCfg = Debug|x64
		{F212F4B2-3DE1-40BD-BD16-6E476B4C667E}.Debug|x64.Build.0 = Debug|x64
		{F212F4B2-3DE1-40BD-BD16-6E476B4C667E}.Debug|x86.ActiveCfg = Debug|Win32
		{F212F4B2-3DE1-40BD-BD16-6E476B4C667E}.Debug|x86.Build.0 = Debug|Win32
		{F212F4B2-3DE1-40BD-BD16-6E476B4C667E}.Release|x64.ActiveCfg = Release|x64
		{F212F4B2-3DE1-40BD-BD16-6E476B4C667E}.Release|x64.Build.0 = Release|x64
		{F212F4B2-3DE1-40BD-BD16-6E476B4C667E}.Release|x86.ActiveCfg = Release|Win32
		{F212F4B2-3DE1-40BD-BD16-6E476B4C667E}.Release|x86.Build.0 = Release|Win32
		{3EA3E830-9D72-4840-AECB-0295528B9C40}.Debug|x64.ActiveCfg = Debug|x64
		{3EA3E830-9D72-4840-AECB-0295528B9C40}.Debug|x64.Build.0 = Debug|x64
		{3EA3E830-9D72-4840-AECB-0295528B9C40}.Debug|x86.ActiveCfg = Debug|Win32
		{3EA3E830-9D72-4840-AECB-0295528B9C40}.Debug|x86.Build.0 = Debug|Win32
		{3EA3E830-9D72-4840-AECB-0295528B9C40}.Release|x64.ActiveCfg = Release|x64
		{3EA3E830-9D72-4840-AECB-0295528B9C40}.Release|x64.Build.0 = Release|x64
		{3EA3E830-9D72-4840-AECB-0295528B9C40}.Release|x86.ActiveCfg = Release|Win32
		{3EA3E830-9D72-4840-AECB-0295528B9C40}.Release|x86.Build.0 = Release|Win32
		{BD15C594-879B-4750-A852-ACBA9F3EB478}.Debug|x64.ActiveCfg = Debug|x64
		{BD15C594-879B-4750-A852-ACBA9F3EB478}.Debug|x64.Build.0 = Debug|x64
		{BD15C594-879B-4750-A852-ACBA9F3EB478}.Debug|x86.ActiveCfg = Debug|Win32
		{BD15C594-879B-4750-A852-ACBA9F3EB478}.Debug|x86.Build.0 = Debug|Win32
		{BD15C594-879B-4750-A852-ACBA9F3EB478}.Release|x64.ActiveCfg = Release|x64
		{BD15C594-879B-4750-A852-ACBA9F3EB478}.Release|x64.Build.0 = Release|x64
		{BD15C594-879B-4750-A852-ACBA9F3EB478}.Release|x86.ActiveCfg = Release|Win32
		{BD15C594-879B-4750-A852-ACBA9F3EB478}.Release|x86.Build.0 = Release|Win32
		{2E0DCFC9-DFC7-4918-A95E-EED93F33E402}.Debug|x64.ActiveCfg = Debug|x64
		{2E0DCFC9-DFC7-4918-A95E-EED93F33E402}.Debug|x64.Build.0 = Debug|x64
		{2E0DCFC9-DFC7-4918-A95E-EED93F33E402}.Debug|x86.ActiveCfg = Debug|Win32
		{2E0DCFC9-DFC7-4918-A95E-EED93F33E402}.Debug|x86.Build.0 = Debug|Win32
		{2E0DCFC9-DFC7-4918-A95E-EED93F33E402}.Release|x64.ActiveCfg = Release|x64
		{2E0DCFC9-DFC7-4918-A95E-EED93F33E402}.Release|x64.Build.0 = Release|x64
		{2E0DCFC9-DFC7-4918-A95E-EED93F33E402}.Release|x86.ActiveCfg = Release|Win32
		{2E0DCFC9-DFC7-4918-A95E-EED93F33E402}.Release|x86.Build.0 = Release|Win32
		{50DE9DFF-E90A-4D13-872B-82F9EF42EC1B}.Debug|x64.ActiveCfg = Debug|x64
		{50DE9DFF-E90A-4D13-872B-82F9EF42EC1B}.Debug|x64.Build.0 = Debug|x64
		{50DE9DFF-E90A-4D13-872B-82F9EF42EC1B}.Debug|x86.ActiveCfg = Debug|Win32
		{50DE9DFF-E90A-4D13-872B-82F9EF42EC1B}.Debug|x86.Build.0 = Debug|Win32
		{50DE9DFF-E90A-4D13-872B-82F9EF42EC1B}.Release|x64.ActiveCfg = Release|x64
		{50DE9DFF-E90A-4D13-872B-82F9EF42EC1B}.Release|x64.Build.0 = Release|x64
		{50DE9DFF-E90A-4D13-872B-82F9EF42EC1B}.Release|x86.ActiveCfg = Release|Win32
		{50DE9DFF-E90A-4D13-872B-82F9EF42EC1B}.Release|x86.Build.0 = Release|Win32
		{0285573A-6D18-4824-BEAF-38508B402E55}.Debug|x64.ActiveCfg = Debug|x64
		{0285573A-6D18-4824-BEAF-38508B402E55}.Debug|x64.Build.0 = Debug|x64
		{0285573A-6D18-4824-BEAF-38508B402E55}.Debug|x86.ActiveCfg = Debug|Win32
		{0285573A-6D18-4824-BEAF-38508B402E55}.Debug|x86.Build.0 = Debug|Win32
		{0285573A-6D18-4824-BEAF-38508B402E55}.Release|x64.ActiveCfg = Release|x64
		{0285573A-6D18-4824-BEAF-38508B402E55}.Release|x64.Build.0 = Release|x64
		{0285573A-6D18-4824-BEAF-38508B402E55}.Release|x86.ActiveCfg = Release|Win32
		{0285573A-6D18-4824-BEAF-38508B402E55}.Release|x86.Build.0 = Release|Win32
		{09F6D136-0162-4238-AB83-0A3DA90EA9D6}.Debug|x64.ActiveCfg = Debug|x64
		{09F6D136-0162-4238-AB83-0A3DA90EA9D6}.Debug|x64.Build.0 = Debug|x64
		{09F6D136-0162-4238-AB83-0A3DA90EA9D6}.Debug|x86.ActiveCfg = Debug|Win32
		{09F6D136-0162-4238-AB83-0A3DA90EA9D6}.Debug|x86.Build.0 = Debug|Win32
		{09F6D136-0162-4238-AB83-0A3DA90EA9D6}.Release|x64.ActiveCfg = Release|x64
		{09F6D136-0162-4238-AB83-0A3DA90EA9D6}.Release|x64.Build.0 = Release|x64
		{09F6D136-0162-4238-AB83-0A3DA90EA9D6}.Release|x86.ActiveCfg = Release|Win32
		{09F6D136-0162-4238-AB83-0A3DA90EA9D6}.Release|x86.Build.0 = Release|Win32
		{9C9B8FD8-5399-4E0F-BFD7-66786BD7BC46}.Debug|x64.ActiveCfg = Debug|x64
		{9C9B8FD8-5399-4E0F-BFD7-66786BD7BC46}.Debug|x64.Build.0 = Debug|x64
		{9C9B8FD8-5399-4E0F-BFD7-66786BD7BC46}.Debug|x86.ActiveCfg = Debug|Win32
		{9C9B8FD8-5399-4E0F-BFD7-66786BD7BC46}.Debug|x86.Build.0 = Debug|Win32
		{9C9B8FD8-5399-4E0F-BFD7-66786BD7BC46}.Release|x64.ActiveCfg = Release|x64
		{9C9B8FD8-5399-4E0F-BFD7-66786BD7BC46}.Release|x64.Build.0 = Release|x64
		{9C9B8FD8-5399-4E0F-BFD7-66786BD7BC46}.Release|x86.ActiveCfg = Release|Win32
		{9C9B8FD8-5399-4E0F-BFD7-66786BD7BC46}.Release|x86.Build.0 = Release|Win32
		{5F1FA05D-D8C3-4416-8165-9B00427F1EE0}.Debug|x64.ActiveCfg = Debug|x64
		{5F1FA05D-D8C3-4416-8165-9B00427F1EE0}.Debug|x64.Build.0 = Debug|x64
		{5F1FA05D-D8C3-4416-8165-9B00427F1EE0}.Debug|x86.ActiveCfg = Debug|Win32
		{5F1FA05D-D8C3-4416-8165-9B00427F1EE0}.Debug|x86.Build.0 = Debug|Win32
		{5F1FA05D-D8C3-4416-8165-9B00427F1EE0}.Release|x64.ActiveCfg = Release|x64
		{5F1FA05D-D8C3-4416-8165-9B00427F1EE0}.Release|x64.Build.0 = Release|x64
		{5F1FA05D-D8C3-4416-8165-9B00427F1EE0}.Release|x86.ActiveCfg = Release|Win32
		{5F1FA05D-D8C3-4416-8165-9B00427F1EE0}.Release|x86.Build.0 = Release|Win32
	EndGlobalSection
	GlobalSection(SolutionProperties) = preSolution
		HideSolutionNode = FALSE
	EndGlobalSection
	GlobalSection(NestedProjects) = preSolution
		{0F13C48D-989B-4F62-9222-0A5FFCA98D97} = {55CB0EA3-E2C6-4D15-9126-ABEAFEB27276}
		{C714D539-8C6B-4A51-B70F-E831EF6BD793} = {55CB0EA3-E2C6-4D15-9126-ABEAFEB27276}
		{B962EF0B-F303-4099-B132-6AAB685CC9D8} = {5168C004-844B-467E-ABE9-1FA2DF420591}
		{890270D4-7977-4C81-A61B-34D254063280} = {5168C004-844B-467E-ABE9-1FA2DF420591}
		{E2301FF2-6D7A-4CDE-89A2-5A54BEE1E5EB} = {5168C004-844B-467E-ABE9-1FA2DF420591}
		{C6FE0C5C-32B2-4D36-A812-B893F6F09A4B} = {5168C004-844B-467E-ABE9-1FA2DF420591}
		{A12C92CC-BFC2-432E-8E1A-76F9B4C6C96A} = {77D3A57B-F643-470C-9B6A-AB3E2A6F0290}
		{41392FBC-3F22-453E-BF7D-F3C7763CD391} = {77D3A57B-F643-470C-9B6A-AB3E2A6F0290}
		{F212F4B2-3DE1-40BD-BD16-6E476B4C667E} = {77D3A57B-F643-470C-9B6A-AB3E2A6F0290}
		{3EA3E830-9D72-4840-AECB-0295528B9C40} = {77D3A57B-F643-470C-9B6A-AB3E2A6F0290}
		{BD15C594-879B-4750-A852-ACBA9F3EB478} = {77D3A57B-F643-470C-9B6A-AB3E2A6F0290}
		{2E0DCFC9-DFC7-4918-A95E-EED93F33E402} = {1BA885BE-0C84-47D9-89D2-4D178C320241}
		{50DE9DFF-E90A-4D13-872B-82F9EF42EC1B} = {EC0DEAEA-964D-4A62-B496-E0EBA0162B69}
		{0285573A-6D18-4824-BEAF-38508B402E55} = {EC0DEAEA-964D-4A62-B496-E0EBA0162B69}
		{09F6D136-0162-4238-AB83-0A3DA90EA9D6} = {EC0DEAEA-964D-4A62-B496-E0EBA0162B69}
	EndGlobalSection
	GlobalSection(ExtensibilityGlobals) = postSolution
		SolutionGuid = {B8C08592-535A-44FC-A0D0-C18E93A39E05}
	EndGlobalSection
EndGlobal
