<?xml version="1.0" encoding="utf-8"?>
<Project ToolsVersion="4.0" xmlns="http://schemas.microsoft.com/developer/msbuild/2003">
  <ItemGroup>
    <Filter Include="Source Files">
      <UniqueIdentifier>{4FC737F1-C7A5-4376-A066-2A32D752A2FF}</UniqueIdentifier>
      <Extensions>cpp;c;cc;cxx;def;odl;idl;hpj;bat;asm;asmx</Extensions>
    </Filter>
    <Filter Include="Header Files">
      <UniqueIdentifier>{93995380-89BD-4b04-88EB-625FBE52EBFB}</UniqueIdentifier>
      <Extensions>h;hh;hpp;hxx;hm;inl;inc;xsd</Extensions>
    </Filter>
    <Filter Include="Resource Files">
      <UniqueIdentifier>{67DA6AB6-F800-4c08-8B7A-83BB121AAD01}</UniqueIdentifier>
      <Extensions>rc;ico;cur;bmp;dlg;rc2;rct;bin;rgs;gif;jpg;jpeg;jpe;resx;tiff;tif;png;wav;mfcribbon-ms</Extensions>
    </Filter>
    <Filter Include="Resource Files">
      <UniqueIdentifier>{D9D6E242-F8AF-46E4-B9FD-80ECBC20BA3E}</UniqueIdentifier>
      <Extensions>qrc;*</Extensions>
      <ParseFiles>false</ParseFiles>
    </Filter>
    <Filter Include="App">
      <UniqueIdentifier>{fa8ae117-618c-4bae-a914-82c3c6ef2b44}</UniqueIdentifier>
    </Filter>
    <Filter Include="App\CameraX">
      <UniqueIdentifier>{fc63df94-057d-4882-bc9f-cabe383a5a9a}</UniqueIdentifier>
    </Filter>
    <Filter Include="App\CameraX\Form Files">
      <UniqueIdentifier>{4135fbb7-bde4-4888-b2c6-c6f36b945a6d}</UniqueIdentifier>
    </Filter>
    <Filter Include="App\CameraX\Header Files">
      <UniqueIdentifier>{cd8cc30b-be9b-477a-bf85-6f17f1f0b130}</UniqueIdentifier>
    </Filter>
    <Filter Include="App\CameraX\Resource Files">
      <UniqueIdentifier>{928162ce-2a31-48da-a147-9b8aa2034f07}</UniqueIdentifier>
    </Filter>
    <Filter Include="App\CameraX\Source Files">
      <UniqueIdentifier>{d709b959-f505-44fd-bf32-7480feb54f46}</UniqueIdentifier>
    </Filter>
    <Filter Include="App\NotepadX">
      <UniqueIdentifier>{815b09e2-e181-4fa8-84c1-9e9a9c8bf1de}</UniqueIdentifier>
    </Filter>
    <Filter Include="App\PaintX">
      <UniqueIdentifier>{0c01e717-6fce-4f8a-8c79-5f9178a8f163}</UniqueIdentifier>
    </Filter>
    <Filter Include="App\VideoPlayerX">
      <UniqueIdentifier>{811361e7-ea81-44a7-bbb6-197bc529707d}</UniqueIdentifier>
    </Filter>
    <Filter Include="App\DigitalClockX">
      <UniqueIdentifier>{5bf8e840-5e23-432d-a27a-627c8076522b}</UniqueIdentifier>
    </Filter>
  </ItemGroup>
  <ItemGroup>
    <QtMoc Include="PageTest.h">
      <Filter>Header Files</Filter>
    </QtMoc>
    <QtMoc Include="..\CameraX\CameraX.h">
      <Filter>App\CameraX\Header Files</Filter>
    </QtMoc>
  </ItemGroup>
  <ItemGroup>
    <ClCompile Include="main.cpp">
      <Filter>Source Files</Filter>
    </ClCompile>
    <ClCompile Include="PageTest.cpp">
      <Filter>Source Files</Filter>
    </ClCompile>
    <ClCompile Include="..\CameraX\CameraX.cpp">
      <Filter>App\CameraX\Source Files</Filter>
    </ClCompile>
  </ItemGroup>
  <ItemGroup>
    <QtRcc Include="PageTest.qrc" />
  </ItemGroup>
  <ItemGroup>
    <QtUic Include="PageTest.ui">
      <Filter>Source Files</Filter>
    </QtUic>
    <QtUic Include="..\CameraX\CameraX.ui">
      <Filter>App\CameraX\Resource Files</Filter>
    </QtUic>
  </ItemGroup>
  <ItemGroup>
    <Image Include="..\NotepadX\Resources\markdown.ico">
      <Filter>App\NotepadX</Filter>
    </Image>
  </ItemGroup>
</Project>