<?xml version="1.0" encoding="utf-8"?>
<Project ToolsVersion="4.0" xmlns="http://schemas.microsoft.com/developer/msbuild/2003">
  <ItemGroup>
    <Filter Include="Source Files">
      <UniqueIdentifier>{4FC737F1-C7A5-4376-A066-2A32D752A2FF}</UniqueIdentifier>
      <Extensions>cpp;c;cc;cxx;def;odl;idl;hpj;bat;asm;asmx</Extensions>
    </Filter>
    <Filter Include="Header Files">
      <UniqueIdentifier>{93995380-89BD-4b04-88EB-625FBE52EBFB}</UniqueIdentifier>
      <Extensions>h;hh;hpp;hxx;hm;inl;inc;ipp;xsd</Extensions>
    </Filter>
    <Filter Include="Resource Files">
      <UniqueIdentifier>{67DA6AB6-F800-4c08-8B7A-83BB121AAD01}</UniqueIdentifier>
      <Extensions>rc;ico;cur;bmp;dlg;rc2;rct;bin;rgs;gif;jpg;jpeg;jpe;resx;tiff;tif;png;wav;mfcribbon-ms</Extensions>
    </Filter>
  </ItemGroup>
  <ItemGroup>
    <ClCompile Include="main.cpp">
      <Filter>Source Files</Filter>
    </ClCompile>
    <ClCompile Include="util.cpp">
      <Filter>Source Files</Filter>
    </ClCompile>
    <ClCompile Include="Elevator.cpp">
      <Filter>Source Files</Filter>
    </ClCompile>
    <ClCompile Include="LevelObject.cpp">
      <Filter>Source Files</Filter>
    </ClCompile>
    <ClCompile Include="SingleFloorLevelObject.cpp">
      <Filter>Source Files</Filter>
    </ClCompile>
    <ClCompile Include="Level.cpp">
      <Filter>Source Files</Filter>
    </ClCompile>
    <ClCompile Include="AbstractHitbox.cpp">
      <Filter>Source Files</Filter>
    </ClCompile>
    <ClCompile Include="Hitbox.cpp">
      <Filter>Source Files</Filter>
    </ClCompile>
    <ClCompile Include="Door.cpp">
      <Filter>Source Files</Filter>
    </ClCompile>
    <ClCompile Include="EnemyDoor.cpp">
      <Filter>Source Files</Filter>
    </ClCompile>
    <ClCompile Include="DocumentDoor.cpp">
      <Filter>Source Files</Filter>
    </ClCompile>
    <ClCompile Include="Platform.cpp">
      <Filter>Source Files</Filter>
    </ClCompile>
    <ClCompile Include="ElevatorHitbox.cpp">
      <Filter>Source Files</Filter>
    </ClCompile>
    <ClCompile Include="LevelManager.cpp">
      <Filter>Source Files</Filter>
    </ClCompile>
    <ClCompile Include="PlayerSpawnPoint.cpp">
      <Filter>Source Files</Filter>
    </ClCompile>
    <ClCompile Include="Player.cpp">
      <Filter>Source Files</Filter>
    </ClCompile>
    <ClCompile Include="Usable.cpp">
      <Filter>Source Files</Filter>
    </ClCompile>
    <ClCompile Include="CollisionHelper.cpp">
      <Filter>Source Files</Filter>
    </ClCompile>
    <ClCompile Include="ElevatorDeathbox.cpp">
      <Filter>Source Files</Filter>
    </ClCompile>
    <ClCompile Include="PlayerHitbox.cpp">
      <Filter>Source Files</Filter>
    </ClCompile>
    <ClCompile Include="Game.cpp">
      <Filter>Source Files</Filter>
    </ClCompile>
    <ClCompile Include="UserInput.cpp">
      <Filter>Source Files</Filter>
    </ClCompile>
    <ClCompile Include="GameState.cpp">
      <Filter>Source Files</Filter>
    </ClCompile>
    <ClCompile Include="GameStateMainMenu.cpp">
      <Filter>Source Files</Filter>
    </ClCompile>
    <ClCompile Include="GameStateExit.cpp">
      <Filter>Source Files</Filter>
    </ClCompile>
    <ClCompile Include="GameStateGameOver.cpp">
      <Filter>Source Files</Filter>
    </ClCompile>
    <ClCompile Include="GameStateInGame.cpp">
      <Filter>Source Files</Filter>
    </ClCompile>
    <ClCompile Include="GameStateScoreboard.cpp">
      <Filter>Source Files</Filter>
    </ClCompile>
    <ClCompile Include="GameStates.cpp">
      <Filter>Source Files</Filter>
    </ClCompile>
    <ClCompile Include="ElevatorExit.cpp">
      <Filter>Source Files</Filter>
    </ClCompile>
    <ClCompile Include="Bullet.cpp">
      <Filter>Source Files</Filter>
    </ClCompile>
    <ClCompile Include="BulletHitbox.cpp">
      <Filter>Source Files</Filter>
    </ClCompile>
    <ClCompile Include="PlayerBullet.cpp">
      <Filter>Source Files</Filter>
    </ClCompile>
    <ClCompile Include="Wall.cpp">
      <Filter>Source Files</Filter>
    </ClCompile>
    <ClCompile Include="Enemy.cpp">
      <Filter>Source Files</Filter>
    </ClCompile>
    <ClCompile Include="EnemyBullet.cpp">
      <Filter>Source Files</Filter>
    </ClCompile>
    <ClCompile Include="EnemyHitbox.cpp">
      <Filter>Source Files</Filter>
    </ClCompile>
    <ClCompile Include="ExtraLife.cpp">
      <Filter>Source Files</Filter>
    </ClCompile>
    <ClCompile Include="Levels.cpp">
      <Filter>Source Files</Filter>
    </ClCompile>
  </ItemGroup>
  <ItemGroup>
    <ClInclude Include="main.hpp">
      <Filter>Header Files</Filter>
    </ClInclude>
    <ClInclude Include="glut\glut.h">
      <Filter>Header Files</Filter>
    </ClInclude>
    <ClInclude Include="Elevator.hpp">
      <Filter>Header Files</Filter>
    </ClInclude>
    <ClInclude Include="util.hpp">
      <Filter>Header Files</Filter>
    </ClInclude>
    <ClInclude Include="LevelObject.hpp">
      <Filter>Header Files</Filter>
    </ClInclude>
    <ClInclude Include="SingleFloorLevelObject.hpp">
      <Filter>Header Files</Filter>
    </ClInclude>
    <ClInclude Include="Level.hpp">
      <Filter>Header Files</Filter>
    </ClInclude>
    <ClInclude Include="AbstractHitbox.hpp">
      <Filter>Header Files</Filter>
    </ClInclude>
    <ClInclude Include="Hitbox.hpp">
      <Filter>Header Files</Filter>
    </ClInclude>
    <ClInclude Include="Door.hpp">
      <Filter>Header Files</Filter>
    </ClInclude>
    <ClInclude Include="EnemyDoor.hpp">
      <Filter>Header Files</Filter>
    </ClInclude>
    <ClInclude Include="DocumentDoor.hpp">
      <Filter>Header Files</Filter>
    </ClInclude>
    <ClInclude Include="Platform.hpp">
      <Filter>Header Files</Filter>
    </ClInclude>
    <ClInclude Include="ElevatorHitbox.hpp">
      <Filter>Header Files</Filter>
    </ClInclude>
    <ClInclude Include="LevelManager.hpp">
      <Filter>Header Files</Filter>
    </ClInclude>
    <ClInclude Include="PlayerSpawnPoint.hpp">
      <Filter>Header Files</Filter>
    </ClInclude>
    <ClInclude Include="Player.hpp">
      <Filter>Header Files</Filter>
    </ClInclude>
    <ClInclude Include="Usable.hpp">
      <Filter>Header Files</Filter>
    </ClInclude>
    <ClInclude Include="CollisionHelper.hpp">
      <Filter>Header Files</Filter>
    </ClInclude>
    <ClInclude Include="ElevatorDeathbox.hpp">
      <Filter>Header Files</Filter>
    </ClInclude>
    <ClInclude Include="PlayerHitbox.hpp">
      <Filter>Header Files</Filter>
    </ClInclude>
    <ClInclude Include="Game.hpp">
      <Filter>Header Files</Filter>
    </ClInclude>
    <ClInclude Include="UserInput.hpp">
      <Filter>Header Files</Filter>
    </ClInclude>
    <ClInclude Include="GameState.hpp">
      <Filter>Header Files</Filter>
    </ClInclude>
    <ClInclude Include="GameStateMainMenu.hpp">
      <Filter>Header Files</Filter>
    </ClInclude>
    <ClInclude Include="GameStateExit.hpp">
      <Filter>Header Files</Filter>
    </ClInclude>
    <ClInclude Include="GameStateGameOver.hpp">
      <Filter>Header Files</Filter>
    </ClInclude>
    <ClInclude Include="GameStateInGame.hpp">
      <Filter>Header Files</Filter>
    </ClInclude>
    <ClInclude Include="GameStateScoreboard.hpp">
      <Filter>Header Files</Filter>
    </ClInclude>
    <ClInclude Include="GameStates.hpp">
      <Filter>Header Files</Filter>
    </ClInclude>
    <ClInclude Include="ElevatorExit.hpp">
      <Filter>Header Files</Filter>
    </ClInclude>
    <ClInclude Include="Bullet.hpp">
      <Filter>Header Files</Filter>
    </ClInclude>
    <ClInclude Include="BulletHitbox.hpp">
      <Filter>Header Files</Filter>
    </ClInclude>
    <ClInclude Include="PlayerBullet.hpp">
      <Filter>Header Files</Filter>
    </ClInclude>
    <ClInclude Include="Wall.hpp">
      <Filter>Header Files</Filter>
    </ClInclude>
    <ClInclude Include="Enemy.hpp">
      <Filter>Header Files</Filter>
    </ClInclude>
    <ClInclude Include="EnemyBullet.hpp">
      <Filter>Header Files</Filter>
    </ClInclude>
    <ClInclude Include="EnemyHitbox.hpp">
      <Filter>Header Files</Filter>
    </ClInclude>
    <ClInclude Include="ExtraLife.hpp">
      <Filter>Header Files</Filter>
    </ClInclude>
    <ClInclude Include="Levels.hpp">
      <Filter>Header Files</Filter>
    </ClInclude>
  </ItemGroup>
  <ItemGroup>
    <Library Include="glut\glut32.lib">
      <Filter>Resource Files</Filter>
    </Library>
  </ItemGroup>
  <ItemGroup>
    <None Include="glut\glut32.dll" />
    <None Include="ClassDiagram.cd" />
  </ItemGroup>
</Project>